
Microsoft Visual Studio Solution File, Format Version 12.00
Project("{FAE04EC0-301F-11D3-BF4B-00C04F79EFBC}") = "ProjetoRPG", "ProjetoRPG\ProjetoRPG.csproj", "{DC1D35D5-FFAE-40C2-BF46-5A53B7CB729E}"
EndProject
Global
	GlobalSection(SolutionConfigurationPlatforms) = preSolution
		Debug|Any CPU = Debug|Any CPU
		Release|Any CPU = Release|Any CPU
	EndGlobalSection
	GlobalSection(ProjectConfigurationPlatforms) = postSolution
		{DC1D35D5-FFAE-40C2-BF46-5A53B7CB729E}.Debug|Any CPU.ActiveCfg = Debug|Any CPU
		{DC1D35D5-FFAE-40C2-BF46-5A53B7CB729E}.Debug|Any CPU.Build.0 = Debug|Any CPU
		{DC1D35D5-FFAE-40C2-BF46-5A53B7CB729E}.Release|Any CPU.ActiveCfg = Release|Any CPU
		{DC1D35D5-FFAE-40C2-BF46-5A53B7CB729E}.Release|Any CPU.Build.0 = Release|Any CPU
	EndGlobalSection
EndGlobal
