
Microsoft Visual Studio Solution File, Format Version 12.00
Project("{FAE04EC0-301F-11D3-BF4B-00C04F79EFBC}") = "ProjectRPG.API", "ProjectRPG.API\ProjectRPG.API.csproj", "{DC1D35D5-FFAE-40C2-BF46-5A53B7CB729E}"
EndProject
Project("{FAE04EC0-301F-11D3-BF4B-00C04F79EFBC}") = "ProjetoRPG.Domain", "ProjetoRPG.Domain\ProjetoRPG.Domain.csproj", "{6DF2175D-E841-4D0E-9704-E3DEC984EE42}"
EndProject
Project("{FAE04EC0-301F-11D3-BF4B-00C04F79EFBC}") = "ProjetoRPG.Service", "ProjetoRPG.Service\ProjetoRPG.Service.csproj", "{4A1230F1-22B2-49A5-B85D-F5C31F78F2C1}"
EndProject
Project("{FAE04EC0-301F-11D3-BF4B-00C04F79EFBC}") = "ProjetoRPG.Repository", "ProjetoRPG.Repository\ProjetoRPG.Repository.csproj", "{B63F35AC-D5F9-40D9-B25F-C2F10664EC52}"
EndProject
Project("{FAE04EC0-301F-11D3-BF4B-00C04F79EFBC}") = "ProjetoRPG.Infra", "ProjetoRPG.Infra\ProjetoRPG.Infra.csproj", "{6F211868-8D52-458B-8FFC-1D076C90C7B1}"
EndProject
Global
	GlobalSection(SolutionConfigurationPlatforms) = preSolution
		Debug|Any CPU = Debug|Any CPU
		Release|Any CPU = Release|Any CPU
	EndGlobalSection
	GlobalSection(ProjectConfigurationPlatforms) = postSolution
		{DC1D35D5-FFAE-40C2-BF46-5A53B7CB729E}.Debug|Any CPU.ActiveCfg = Debug|Any CPU
		{DC1D35D5-FFAE-40C2-BF46-5A53B7CB729E}.Debug|Any CPU.Build.0 = Debug|Any CPU
		{DC1D35D5-FFAE-40C2-BF46-5A53B7CB729E}.Release|Any CPU.ActiveCfg = Release|Any CPU
		{DC1D35D5-FFAE-40C2-BF46-5A53B7CB729E}.Release|Any CPU.Build.0 = Release|Any CPU
		{6DF2175D-E841-4D0E-9704-E3DEC984EE42}.Debug|Any CPU.ActiveCfg = Debug|Any CPU
		{6DF2175D-E841-4D0E-9704-E3DEC984EE42}.Release|Any CPU.ActiveCfg = Release|Any CPU
		{6DF2175D-E841-4D0E-9704-E3DEC984EE42}.Release|Any CPU.Build.0 = Release|Any CPU
		{6DF2175D-E841-4D0E-9704-E3DEC984EE42}.Debug|Any CPU.Build.0 = Debug|Any CPU
		{4A1230F1-22B2-49A5-B85D-F5C31F78F2C1}.Debug|Any CPU.ActiveCfg = Debug|Any CPU
		{4A1230F1-22B2-49A5-B85D-F5C31F78F2C1}.Release|Any CPU.ActiveCfg = Release|Any CPU
		{4A1230F1-22B2-49A5-B85D-F5C31F78F2C1}.Release|Any CPU.Build.0 = Release|Any CPU
		{4A1230F1-22B2-49A5-B85D-F5C31F78F2C1}.Debug|Any CPU.Build.0 = Debug|Any CPU
		{B63F35AC-D5F9-40D9-B25F-C2F10664EC52}.Debug|Any CPU.ActiveCfg = Debug|Any CPU
		{B63F35AC-D5F9-40D9-B25F-C2F10664EC52}.Release|Any CPU.ActiveCfg = Release|Any CPU
		{B63F35AC-D5F9-40D9-B25F-C2F10664EC52}.Release|Any CPU.Build.0 = Release|Any CPU
		{B63F35AC-D5F9-40D9-B25F-C2F10664EC52}.Debug|Any CPU.Build.0 = Debug|Any CPU
		{6F211868-8D52-458B-8FFC-1D076C90C7B1}.Debug|Any CPU.ActiveCfg = Debug|Any CPU
		{6F211868-8D52-458B-8FFC-1D076C90C7B1}.Release|Any CPU.ActiveCfg = Release|Any CPU
		{6F211868-8D52-458B-8FFC-1D076C90C7B1}.Release|Any CPU.Build.0 = Release|Any CPU
		{6F211868-8D52-458B-8FFC-1D076C90C7B1}.Debug|Any CPU.Build.0 = Debug|Any CPU
	EndGlobalSection
EndGlobal
